
Microsoft Visual Studio Solution File, Format Version 12.00
# Visual Studio Version 17
VisualStudioVersion = 17.9.34714.143
MinimumVisualStudioVersion = 10.0.40219.1
Project("{FAE04EC0-301F-11D3-BF4B-00C04F79EFBC}") = "Sitefinity Backend", "Sitefinity Backend\Sitefinity Backend.csproj", "{C03C1CF4-FC96-476A-B5B7-0D9AED20F912}"
EndProject
Project("{FAE04EC0-301F-11D3-BF4B-00C04F79EFBC}") = "Renderer", "..\Renderer\Renderer.csproj", "{0CEB48D1-B5E1-4FA1-97D3-4456579D135C}"
EndProject
Global
	GlobalSection(SolutionConfigurationPlatforms) = preSolution
		Debug|Any CPU = Debug|Any CPU
		Release|Any CPU = Release|Any CPU
	EndGlobalSection
	GlobalSection(ProjectConfigurationPlatforms) = postSolution
		{C03C1CF4-FC96-476A-B5B7-0D9AED20F912}.Debug|Any CPU.ActiveCfg = Debug|Any CPU
		{C03C1CF4-FC96-476A-B5B7-0D9AED20F912}.Debug|Any CPU.Build.0 = Debug|Any CPU
		{C03C1CF4-FC96-476A-B5B7-0D9AED20F912}.Release|Any CPU.ActiveCfg = Release|Any CPU
		{C03C1CF4-FC96-476A-B5B7-0D9AED20F912}.Release|Any CPU.Build.0 = Release|Any CPU
		{0CEB48D1-B5E1-4FA1-97D3-4456579D135C}.Debug|Any CPU.ActiveCfg = Debug|Any CPU
		{0CEB48D1-B5E1-4FA1-97D3-4456579D135C}.Debug|Any CPU.Build.0 = Debug|Any CPU
		{0CEB48D1-B5E1-4FA1-97D3-4456579D135C}.Release|Any CPU.ActiveCfg = Release|Any CPU
		{0CEB48D1-B5E1-4FA1-97D3-4456579D135C}.Release|Any CPU.Build.0 = Release|Any CPU
	EndGlobalSection
	GlobalSection(SolutionProperties) = preSolution
		HideSolutionNode = FALSE
	EndGlobalSection
	GlobalSection(ExtensibilityGlobals) = postSolution
		SolutionGuid = {7DE13126-468B-49D9-B617-055DDCF56E87}
	EndGlobalSection
EndGlobal
